
Microsoft Visual Studio Solution File, Format Version 12.00
# Visual Studio Version 16
VisualStudioVersion = 16.0.29609.76
MinimumVisualStudioVersion = 10.0.40219.1
Project("{9A19103F-16F7-4668-BE54-9A1E7A4F7556}") = "Strategy", "Strategy\Strategy.csproj", "{09BCB2A1-6784-4FD1-8865-D9A8548542C6}"
EndProject
Project("{9A19103F-16F7-4668-BE54-9A1E7A4F7556}") = "Decorator", "Decorator\Decorator.csproj", "{C45A9FB4-65B5-4A5D-BD89-37CB785D488E}"
EndProject
Project("{9A19103F-16F7-4668-BE54-9A1E7A4F7556}") = "Singleton", "Singleton\Singleton.csproj", "{2C36C440-147E-4367-A374-93270044CE48}"
EndProject
Project("{9A19103F-16F7-4668-BE54-9A1E7A4F7556}") = "Factory_And_AbstractFactory", "Factory\Factory_And_AbstractFactory.csproj", "{EB04DF42-51D9-43C4-BAD5-6768F54A7B60}"
EndProject
Project("{FAE04EC0-301F-11D3-BF4B-00C04F79EFBC}") = "Clone", "Clone\Clone.csproj", "{F6345412-E634-4E6D-924B-C76017BEB99B}"
EndProject
Global
	GlobalSection(SolutionConfigurationPlatforms) = preSolution
		Debug|Any CPU = Debug|Any CPU
		Release|Any CPU = Release|Any CPU
	EndGlobalSection
	GlobalSection(ProjectConfigurationPlatforms) = postSolution
		{09BCB2A1-6784-4FD1-8865-D9A8548542C6}.Debug|Any CPU.ActiveCfg = Debug|Any CPU
		{09BCB2A1-6784-4FD1-8865-D9A8548542C6}.Debug|Any CPU.Build.0 = Debug|Any CPU
		{09BCB2A1-6784-4FD1-8865-D9A8548542C6}.Release|Any CPU.ActiveCfg = Release|Any CPU
		{09BCB2A1-6784-4FD1-8865-D9A8548542C6}.Release|Any CPU.Build.0 = Release|Any CPU
		{C45A9FB4-65B5-4A5D-BD89-37CB785D488E}.Debug|Any CPU.ActiveCfg = Debug|Any CPU
		{C45A9FB4-65B5-4A5D-BD89-37CB785D488E}.Debug|Any CPU.Build.0 = Debug|Any CPU
		{C45A9FB4-65B5-4A5D-BD89-37CB785D488E}.Release|Any CPU.ActiveCfg = Release|Any CPU
		{C45A9FB4-65B5-4A5D-BD89-37CB785D488E}.Release|Any CPU.Build.0 = Release|Any CPU
		{2C36C440-147E-4367-A374-93270044CE48}.Debug|Any CPU.ActiveCfg = Debug|Any CPU
		{2C36C440-147E-4367-A374-93270044CE48}.Debug|Any CPU.Build.0 = Debug|Any CPU
		{2C36C440-147E-4367-A374-93270044CE48}.Release|Any CPU.ActiveCfg = Release|Any CPU
		{2C36C440-147E-4367-A374-93270044CE48}.Release|Any CPU.Build.0 = Release|Any CPU
		{EB04DF42-51D9-43C4-BAD5-6768F54A7B60}.Debug|Any CPU.ActiveCfg = Debug|Any CPU
		{EB04DF42-51D9-43C4-BAD5-6768F54A7B60}.Debug|Any CPU.Build.0 = Debug|Any CPU
		{EB04DF42-51D9-43C4-BAD5-6768F54A7B60}.Release|Any CPU.ActiveCfg = Release|Any CPU
		{EB04DF42-51D9-43C4-BAD5-6768F54A7B60}.Release|Any CPU.Build.0 = Release|Any CPU
		{F6345412-E634-4E6D-924B-C76017BEB99B}.Debug|Any CPU.ActiveCfg = Debug|Any CPU
		{F6345412-E634-4E6D-924B-C76017BEB99B}.Debug|Any CPU.Build.0 = Debug|Any CPU
		{F6345412-E634-4E6D-924B-C76017BEB99B}.Release|Any CPU.ActiveCfg = Release|Any CPU
		{F6345412-E634-4E6D-924B-C76017BEB99B}.Release|Any CPU.Build.0 = Release|Any CPU
	EndGlobalSection
	GlobalSection(SolutionProperties) = preSolution
		HideSolutionNode = FALSE
	EndGlobalSection
	GlobalSection(ExtensibilityGlobals) = postSolution
		SolutionGuid = {FDDA1788-970C-4D06-AC38-9671B3AB9CFF}
	EndGlobalSection
EndGlobal
